
Microsoft Visual Studio Solution File, Format Version 12.00
# Visual Studio 15
VisualStudioVersion = 15.0.27004.2005
MinimumVisualStudioVersion = 10.0.40219.1
Project("{FAE04EC0-301F-11D3-BF4B-00C04F79EFBC}") = "QuanLyBanDTDD", "QuanLyBanDTDD\QuanLyBanDTDD.csproj", "{ADCB03CC-3551-450B-AF3A-E226980382A9}"
EndProject
Global
	GlobalSection(SolutionConfigurationPlatforms) = preSolution
		Debug|Any CPU = Debug|Any CPU
		Release|Any CPU = Release|Any CPU
	EndGlobalSection
	GlobalSection(ProjectConfigurationPlatforms) = postSolution
		{ADCB03CC-3551-450B-AF3A-E226980382A9}.Debug|Any CPU.ActiveCfg = Debug|Any CPU
		{ADCB03CC-3551-450B-AF3A-E226980382A9}.Debug|Any CPU.Build.0 = Debug|Any CPU
		{ADCB03CC-3551-450B-AF3A-E226980382A9}.Release|Any CPU.ActiveCfg = Release|Any CPU
		{ADCB03CC-3551-450B-AF3A-E226980382A9}.Release|Any CPU.Build.0 = Release|Any CPU
	EndGlobalSection
	GlobalSection(SolutionProperties) = preSolution
		HideSolutionNode = FALSE
	EndGlobalSection
	GlobalSection(ExtensibilityGlobals) = postSolution
		SolutionGuid = {D54CB73C-94D0-4BF5-878A-C0F217C28333}
	EndGlobalSection
EndGlobal
